// !$*UTF8*$!
{
	archiveVersion = 1;
	classes = {
	};
	objectVersion = 56;
	objects = {

/* Begin PBXBuildFile section */
		83F942C02EB2A52C004BE1CD /* AppDelegate.swift in Sources */ = {isa = PBXBuildFile; fileRef = 83F942BF2EB2A52C004BE1CD /* AppDelegate.swift */; };
		83F942C22EB2A52C004BE1CD /* SceneDelegate.swift in Sources */ = {isa = PBXBuildFile; fileRef = 83F942C12EB2A52C004BE1CD /* SceneDelegate.swift */; };
		83F942C42EB2A52C004BE1CD /* ViewController.swift in Sources */ = {isa = PBXBuildFile; fileRef = 83F942C32EB2A52C004BE1CD /* ViewController.swift */; };
		83F942C72EB2A52C004BE1CD /* Main.storyboard in Resources */ = {isa = PBXBuildFile; fileRef = 83F942C52EB2A52C004BE1CD /* Main.storyboard */; };
		83F942C92EB2A52E004BE1CD /* Assets.xcassets in Resources */ = {isa = PBXBuildFile; fileRef = 83F942C82EB2A52E004BE1CD /* Assets.xcassets */; };
		83F942CC2EB2A52E004BE1CD /* LaunchScreen.storyboard in Resources */ = {isa = PBXBuildFile; fileRef = 83F942CA2EB2A52E004BE1CD /* LaunchScreen.storyboard */; };
		83F942D42EB3A665004BE1CD /* RocketViewController.swift in Sources */ = {isa = PBXBuildFile; fileRef = 83F942D32EB3A665004BE1CD /* RocketViewController.swift */; };
		83F942D62EB3A711004BE1CD /* Rocket.swift in Sources */ = {isa = PBXBuildFile; fileRef = 83F942D52EB3A711004BE1CD /* Rocket.swift */; };
		83F942D82EB3DC78004BE1CD /* RocketPageViewController.swift in Sources */ = {isa = PBXBuildFile; fileRef = 83F942D72EB3DC78004BE1CD /* RocketPageViewController.swift */; };
		83F942DA2EB5014B004BE1CD /* Launch.swift in Sources */ = {isa = PBXBuildFile; fileRef = 83F942D92EB5014B004BE1CD /* Launch.swift */; };
		83F942DC2EB50178004BE1CD /* LaunchViewController.swift in Sources */ = {isa = PBXBuildFile; fileRef = 83F942DB2EB50178004BE1CD /* LaunchViewController.swift */; };
		83F942DE2EB52002004BE1CD /* LaunchTableViewCell.swift in Sources */ = {isa = PBXBuildFile; fileRef = 83F942DD2EB52002004BE1CD /* LaunchTableViewCell.swift */; };
		83F942E02EB53E24004BE1CD /* SettingsViewController.swift in Sources */ = {isa = PBXBuildFile; fileRef = 83F942DF2EB53E24004BE1CD /* SettingsViewController.swift */; };
/* End PBXBuildFile section */

/* Begin PBXFileReference section */
		83F942BC2EB2A52C004BE1CD /* Task1Mentorship.app */ = {isa = PBXFileReference; explicitFileType = wrapper.application; includeInIndex = 0; path = Task1Mentorship.app; sourceTree = BUILT_PRODUCTS_DIR; };
		83F942BF2EB2A52C004BE1CD /* AppDelegate.swift */ = {isa = PBXFileReference; lastKnownFileType = sourcecode.swift; path = AppDelegate.swift; sourceTree = "<group>"; };
		83F942C12EB2A52C004BE1CD /* SceneDelegate.swift */ = {isa = PBXFileReference; lastKnownFileType = sourcecode.swift; path = SceneDelegate.swift; sourceTree = "<group>"; };
		83F942C32EB2A52C004BE1CD /* ViewController.swift */ = {isa = PBXFileReference; lastKnownFileType = sourcecode.swift; path = ViewController.swift; sourceTree = "<group>"; };
		83F942C62EB2A52C004BE1CD /* Base */ = {isa = PBXFileReference; lastKnownFileType = file.storyboard; name = Base; path = Base.lproj/Main.storyboard; sourceTree = "<group>"; };
		83F942C82EB2A52E004BE1CD /* Assets.xcassets */ = {isa = PBXFileReference; lastKnownFileType = folder.assetcatalog; path = Assets.xcassets; sourceTree = "<group>"; };
		83F942CB2EB2A52E004BE1CD /* Base */ = {isa = PBXFileReference; lastKnownFileType = file.storyboard; name = Base; path = Base.lproj/LaunchScreen.storyboard; sourceTree = "<group>"; };
		83F942CD2EB2A52E004BE1CD /* Info.plist */ = {isa = PBXFileReference; lastKnownFileType = text.plist.xml; path = Info.plist; sourceTree = "<group>"; };
		83F942D32EB3A665004BE1CD /* RocketViewController.swift */ = {isa = PBXFileReference; lastKnownFileType = sourcecode.swift; path = RocketViewController.swift; sourceTree = "<group>"; };
		83F942D52EB3A711004BE1CD /* Rocket.swift */ = {isa = PBXFileReference; lastKnownFileType = sourcecode.swift; path = Rocket.swift; sourceTree = "<group>"; };
		83F942D72EB3DC78004BE1CD /* RocketPageViewController.swift */ = {isa = PBXFileReference; lastKnownFileType = sourcecode.swift; path = RocketPageViewController.swift; sourceTree = "<group>"; };
		83F942D92EB5014B004BE1CD /* Launch.swift */ = {isa = PBXFileReference; lastKnownFileType = sourcecode.swift; path = Launch.swift; sourceTree = "<group>"; };
		83F942DB2EB50178004BE1CD /* LaunchViewController.swift */ = {isa = PBXFileReference; lastKnownFileType = sourcecode.swift; path = LaunchViewController.swift; sourceTree = "<group>"; };
		83F942DD2EB52002004BE1CD /* LaunchTableViewCell.swift */ = {isa = PBXFileReference; lastKnownFileType = sourcecode.swift; path = LaunchTableViewCell.swift; sourceTree = "<group>"; };
		83F942DF2EB53E24004BE1CD /* SettingsViewController.swift */ = {isa = PBXFileReference; lastKnownFileType = sourcecode.swift; path = SettingsViewController.swift; sourceTree = "<group>"; };
/* End PBXFileReference section */

/* Begin PBXFrameworksBuildPhase section */
		83F942B92EB2A52C004BE1CD /* Frameworks */ = {
			isa = PBXFrameworksBuildPhase;
			buildActionMask = 2147483647;
			files = (
			);
			runOnlyForDeploymentPostprocessing = 0;
		};
/* End PBXFrameworksBuildPhase section */

/* Begin PBXGroup section */
		83F942B32EB2A52C004BE1CD = {
			isa = PBXGroup;
			children = (
				83F942BE2EB2A52C004BE1CD /* Task1Mentorship */,
				83F942BD2EB2A52C004BE1CD /* Products */,
			);
			sourceTree = "<group>";
		};
		83F942BD2EB2A52C004BE1CD /* Products */ = {
			isa = PBXGroup;
			children = (
				83F942BC2EB2A52C004BE1CD /* Task1Mentorship.app */,
			);
			name = Products;
			sourceTree = "<group>";
		};
		83F942BE2EB2A52C004BE1CD /* Task1Mentorship */ = {
			isa = PBXGroup;
			children = (
				83F942BF2EB2A52C004BE1CD /* AppDelegate.swift */,
				83F942C12EB2A52C004BE1CD /* SceneDelegate.swift */,
				83F942C32EB2A52C004BE1CD /* ViewController.swift */,
				83F942D32EB3A665004BE1CD /* RocketViewController.swift */,
				83F942D72EB3DC78004BE1CD /* RocketPageViewController.swift */,
				83F942DF2EB53E24004BE1CD /* SettingsViewController.swift */,
				83F942D92EB5014B004BE1CD /* Launch.swift */,
				83F942DB2EB50178004BE1CD /* LaunchViewController.swift */,
				83F942DD2EB52002004BE1CD /* LaunchTableViewCell.swift */,
				83F942D52EB3A711004BE1CD /* Rocket.swift */,
				83F942C52EB2A52C004BE1CD /* Main.storyboard */,
				83F942C82EB2A52E004BE1CD /* Assets.xcassets */,
				83F942CA2EB2A52E004BE1CD /* LaunchScreen.storyboard */,
				83F942CD2EB2A52E004BE1CD /* Info.plist */,
			);
			path = Task1Mentorship;
			sourceTree = "<group>";
		};
/* End PBXGroup section */

/* Begin PBXNativeTarget section */
		83F942BB2EB2A52C004BE1CD /* Task1Mentorship */ = {
			isa = PBXNativeTarget;
			buildConfigurationList = 83F942D02EB2A52E004BE1CD /* Build configuration list for PBXNativeTarget "Task1Mentorship" */;
			buildPhases = (
				83F942B82EB2A52C004BE1CD /* Sources */,
				83F942B92EB2A52C004BE1CD /* Frameworks */,
				83F942BA2EB2A52C004BE1CD /* Resources */,
			);
			buildRules = (
			);
			dependencies = (
			);
			name = Task1Mentorship;
			productName = Task1Mentorship;
			productReference = 83F942BC2EB2A52C004BE1CD /* Task1Mentorship.app */;
			productType = "com.apple.product-type.application";
		};
/* End PBXNativeTarget section */

/* Begin PBXProject section */
		83F942B42EB2A52C004BE1CD /* Project object */ = {
			isa = PBXProject;
			attributes = {
				BuildIndependentTargetsInParallel = 1;
				LastSwiftUpdateCheck = 1520;
				LastUpgradeCheck = 1520;
				TargetAttributes = {
					83F942BB2EB2A52C004BE1CD = {
						CreatedOnToolsVersion = 15.2;
					};
				};
			};
			buildConfigurationList = 83F942B72EB2A52C004BE1CD /* Build configuration list for PBXProject "Task1Mentorship" */;
			compatibilityVersion = "Xcode 14.0";
			developmentRegion = en;
			hasScannedForEncodings = 0;
			knownRegions = (
				en,
				Base,
			);
			mainGroup = 83F942B32EB2A52C004BE1CD;
			productRefGroup = 83F942BD2EB2A52C004BE1CD /* Products */;
			projectDirPath = "";
			projectRoot = "";
			targets = (
				83F942BB2EB2A52C004BE1CD /* Task1Mentorship */,
			);
		};
/* End PBXProject section */

/* Begin PBXResourcesBuildPhase section */
		83F942BA2EB2A52C004BE1CD /* Resources */ = {
			isa = PBXResourcesBuildPhase;
			buildActionMask = 2147483647;
			files = (
				83F942CC2EB2A52E004BE1CD /* LaunchScreen.storyboard in Resources */,
				83F942C92EB2A52E004BE1CD /* Assets.xcassets in Resources */,
				83F942C72EB2A52C004BE1CD /* Main.storyboard in Resources */,
			);
			runOnlyForDeploymentPostprocessing = 0;
		};
/* End PBXResourcesBuildPhase section */

/* Begin PBXSourcesBuildPhase section */
		83F942B82EB2A52C004BE1CD /* Sources */ = {
			isa = PBXSourcesBuildPhase;
			buildActionMask = 2147483647;
			files = (
				83F942D42EB3A665004BE1CD /* RocketViewController.swift in Sources */,
				83F942D82EB3DC78004BE1CD /* RocketPageViewController.swift in Sources */,
				83F942C42EB2A52C004BE1CD /* ViewController.swift in Sources */,
				83F942E02EB53E24004BE1CD /* SettingsViewController.swift in Sources */,
				83F942C02EB2A52C004BE1CD /* AppDelegate.swift in Sources */,
				83F942DA2EB5014B004BE1CD /* Launch.swift in Sources */,
				83F942D62EB3A711004BE1CD /* Rocket.swift in Sources */,
				83F942C22EB2A52C004BE1CD /* SceneDelegate.swift in Sources */,
				83F942DE2EB52002004BE1CD /* LaunchTableViewCell.swift in Sources */,
				83F942DC2EB50178004BE1CD /* LaunchViewController.swift in Sources */,
			);
			runOnlyForDeploymentPostprocessing = 0;
		};
/* End PBXSourcesBuildPhase section */

/* Begin PBXVariantGroup section */
		83F942C52EB2A52C004BE1CD /* Main.storyboard */ = {
			isa = PBXVariantGroup;
			children = (
				83F942C62EB2A52C004BE1CD /* Base */,
			);
			name = Main.storyboard;
			sourceTree = "<group>";
		};
		83F942CA2EB2A52E004BE1CD /* LaunchScreen.storyboard */ = {
			isa = PBXVariantGroup;
			children = (
				83F942CB2EB2A52E004BE1CD /* Base */,
			);
			name = LaunchScreen.storyboard;
			sourceTree = "<group>";
		};
/* End PBXVariantGroup section */

/* Begin XCBuildConfiguration section */
		83F942CE2EB2A52E004BE1CD /* Debug */ = {
			isa = XCBuildConfiguration;
			buildSettings = {
				ALWAYS_SEARCH_USER_PATHS = NO;
				ASSETCATALOG_COMPILER_GENERATE_SWIFT_ASSET_SYMBOL_EXTENSIONS = YES;
				CLANG_ANALYZER_NONNULL = YES;
				CLANG_ANALYZER_NUMBER_OBJECT_CONVERSION = YES_AGGRESSIVE;
				CLANG_CXX_LANGUAGE_STANDARD = "gnu++20";
				CLANG_ENABLE_MODULES = YES;
				CLANG_ENABLE_OBJC_ARC = YES;
				CLANG_ENABLE_OBJC_WEAK = YES;
				CLANG_WARN_BLOCK_CAPTURE_AUTORELEASING = YES;
				CLANG_WARN_BOOL_CONVERSION = YES;
				CLANG_WARN_COMMA = YES;
				CLANG_WARN_CONSTANT_CONVERSION = YES;
				CLANG_WARN_DEPRECATED_OBJC_IMPLEMENTATIONS = YES;
				CLANG_WARN_DIRECT_OBJC_ISA_USAGE = YES_ERROR;
				CLANG_WARN_DOCUMENTATION_COMMENTS = YES;
				CLANG_WARN_EMPTY_BODY = YES;
				CLANG_WARN_ENUM_CONVERSION = YES;
				CLANG_WARN_INFINITE_RECURSION = YES;
				CLANG_WARN_INT_CONVERSION = YES;
				CLANG_WARN_NON_LITERAL_NULL_CONVERSION = YES;
				CLANG_WARN_OBJC_IMPLICIT_RETAIN_SELF = YES;
				CLANG_WARN_OBJC_LITERAL_CONVERSION = YES;
				CLANG_WARN_OBJC_ROOT_CLASS = YES_ERROR;
				CLANG_WARN_QUOTED_INCLUDE_IN_FRAMEWORK_HEADER = YES;
				CLANG_WARN_RANGE_LOOP_ANALYSIS = YES;
				CLANG_WARN_STRICT_PROTOTYPES = YES;
				CLANG_WARN_SUSPICIOUS_MOVE = YES;
				CLANG_WARN_UNGUARDED_AVAILABILITY = YES_AGGRESSIVE;
				CLANG_WARN_UNREACHABLE_CODE = YES;
				CLANG_WARN__DUPLICATE_METHOD_MATCH = YES;
				COPY_PHASE_STRIP = NO;
				DEBUG_INFORMATION_FORMAT = dwarf;
				ENABLE_STRICT_OBJC_MSGSEND = YES;
				ENABLE_TESTABILITY = YES;
				ENABLE_USER_SCRIPT_SANDBOXING = YES;
				GCC_C_LANGUAGE_STANDARD = gnu17;
				GCC_DYNAMIC_NO_PIC = NO;
				GCC_NO_COMMON_BLOCKS = YES;
				GCC_OPTIMIZATION_LEVEL = 0;
				GCC_PREPROCESSOR_DEFINITIONS = (
					"DEBUG=1",
					"$(inherited)",
				);
				GCC_WARN_64_TO_32_BIT_CONVERSION = YES;
				GCC_WARN_ABOUT_RETURN_TYPE = YES_ERROR;
				GCC_WARN_UNDECLARED_SELECTOR = YES;
				GCC_WARN_UNINITIALIZED_AUTOS = YES_AGGRESSIVE;
				GCC_WARN_UNUSED_FUNCTION = YES;
				GCC_WARN_UNUSED_VARIABLE = YES;
				IPHONEOS_DEPLOYMENT_TARGET = 17.2;
				LOCALIZATION_PREFERS_STRING_CATALOGS = YES;
				MTL_ENABLE_DEBUG_INFO = INCLUDE_SOURCE;
				MTL_FAST_MATH = YES;
				ONLY_ACTIVE_ARCH = YES;
				SDKROOT = iphoneos;
				SWIFT_ACTIVE_COMPILATION_CONDITIONS = "DEBUG $(inherited)";
				SWIFT_OPTIMIZATION_LEVEL = "-Onone";
			};
			name = Debug;
		};
		83F942CF2EB2A52E004BE1CD /* Release */ = {
			isa = XCBuildConfiguration;
			buildSettings = {
				ALWAYS_SEARCH_USER_PATHS = NO;
				ASSETCATALOG_COMPILER_GENERATE_SWIFT_ASSET_SYMBOL_EXTENSIONS = YES;
				CLANG_ANALYZER_NONNULL = YES;
				CLANG_ANALYZER_NUMBER_OBJECT_CONVERSION = YES_AGGRESSIVE;
				CLANG_CXX_LANGUAGE_STANDARD = "gnu++20";
				CLANG_ENABLE_MODULES = YES;
				CLANG_ENABLE_OBJC_ARC = YES;
				CLANG_ENABLE_OBJC_WEAK = YES;
				CLANG_WARN_BLOCK_CAPTURE_AUTORELEASING = YES;
				CLANG_WARN_BOOL_CONVERSION = YES;
				CLANG_WARN_COMMA = YES;
				CLANG_WARN_CONSTANT_CONVERSION = YES;
				CLANG_WARN_DEPRECATED_OBJC_IMPLEMENTATIONS = YES;
				CLANG_WARN_DIRECT_OBJC_ISA_USAGE = YES_ERROR;
				CLANG_WARN_DOCUMENTATION_COMMENTS = YES;
				CLANG_WARN_EMPTY_BODY = YES;
				CLANG_WARN_ENUM_CONVERSION = YES;
				CLANG_WARN_INFINITE_RECURSION = YES;
				CLANG_WARN_INT_CONVERSION = YES;
				CLANG_WARN_NON_LITERAL_NULL_CONVERSION = YES;
				CLANG_WARN_OBJC_IMPLICIT_RETAIN_SELF = YES;
				CLANG_WARN_OBJC_LITERAL_CONVERSION = YES;
				CLANG_WARN_OBJC_ROOT_CLASS = YES_ERROR;
				CLANG_WARN_QUOTED_INCLUDE_IN_FRAMEWORK_HEADER = YES;
				CLANG_WARN_RANGE_LOOP_ANALYSIS = YES;
				CLANG_WARN_STRICT_PROTOTYPES = YES;
				CLANG_WARN_SUSPICIOUS_MOVE = YES;
				CLANG_WARN_UNGUARDED_AVAILABILITY = YES_AGGRESSIVE;
				CLANG_WARN_UNREACHABLE_CODE = YES;
				CLANG_WARN__DUPLICATE_METHOD_MATCH = YES;
				COPY_PHASE_STRIP = NO;
				DEBUG_INFORMATION_FORMAT = "dwarf-with-dsym";
				ENABLE_NS_ASSERTIONS = NO;
				ENABLE_STRICT_OBJC_MSGSEND = YES;
				ENABLE_USER_SCRIPT_SANDBOXING = YES;
				GCC_C_LANGUAGE_STANDARD = gnu17;
				GCC_NO_COMMON_BLOCKS = YES;
				GCC_WARN_64_TO_32_BIT_CONVERSION = YES;
				GCC_WARN_ABOUT_RETURN_TYPE = YES_ERROR;
				GCC_WARN_UNDECLARED_SELECTOR = YES;
				GCC_WARN_UNINITIALIZED_AUTOS = YES_AGGRESSIVE;
				GCC_WARN_UNUSED_FUNCTION = YES;
				GCC_WARN_UNUSED_VARIABLE = YES;
				IPHONEOS_DEPLOYMENT_TARGET = 17.2;
				LOCALIZATION_PREFERS_STRING_CATALOGS = YES;
				MTL_ENABLE_DEBUG_INFO = NO;
				MTL_FAST_MATH = YES;
				SDKROOT = iphoneos;
				SWIFT_COMPILATION_MODE = wholemodule;
				VALIDATE_PRODUCT = YES;
			};
			name = Release;
		};
		83F942D12EB2A52E004BE1CD /* Debug */ = {
			isa = XCBuildConfiguration;
			buildSettings = {
				ASSETCATALOG_COMPILER_APPICON_NAME = AppIcon;
				ASSETCATALOG_COMPILER_GLOBAL_ACCENT_COLOR_NAME = AccentColor;
				CODE_SIGN_STYLE = Automatic;
				CURRENT_PROJECT_VERSION = 1;
				DEVELOPMENT_TEAM = TPK9566KWG;
				GENERATE_INFOPLIST_FILE = YES;
				INFOPLIST_FILE = Task1Mentorship/Info.plist;
				INFOPLIST_KEY_UIApplicationSupportsIndirectInputEvents = YES;
				INFOPLIST_KEY_UILaunchStoryboardName = LaunchScreen;
				INFOPLIST_KEY_UIMainStoryboardFile = Main;
				INFOPLIST_KEY_UISupportedInterfaceOrientations_iPad = "UIInterfaceOrientationPortrait UIInterfaceOrientationPortraitUpsideDown UIInterfaceOrientationLandscapeLeft UIInterfaceOrientationLandscapeRight";
				INFOPLIST_KEY_UISupportedInterfaceOrientations_iPhone = "UIInterfaceOrientationPortrait UIInterfaceOrientationLandscapeLeft UIInterfaceOrientationLandscapeRight";
				LD_RUNPATH_SEARCH_PATHS = (
					"$(inherited)",
					"@executable_path/Frameworks",
				);
				MARKETING_VERSION = 1.0;
				PRODUCT_BUNDLE_IDENTIFIER = Gulnazka.Task1Mentorship;
				PRODUCT_NAME = "$(TARGET_NAME)";
				SWIFT_EMIT_LOC_STRINGS = YES;
				SWIFT_VERSION = 5.0;
				TARGETED_DEVICE_FAMILY = "1,2";
			};
			name = Debug;
		};
		83F942D22EB2A52E004BE1CD /* Release */ = {
			isa = XCBuildConfiguration;
			buildSettings = {
				ASSETCATALOG_COMPILER_APPICON_NAME = AppIcon;
				ASSETCATALOG_COMPILER_GLOBAL_ACCENT_COLOR_NAME = AccentColor;
				CODE_SIGN_STYLE = Automatic;
				CURRENT_PROJECT_VERSION = 1;
				DEVELOPMENT_TEAM = TPK9566KWG;
				GENERATE_INFOPLIST_FILE = YES;
				INFOPLIST_FILE = Task1Mentorship/Info.plist;
				INFOPLIST_KEY_UIApplicationSupportsIndirectInputEvents = YES;
				INFOPLIST_KEY_UILaunchStoryboardName = LaunchScreen;
				INFOPLIST_KEY_UIMainStoryboardFile = Main;
				INFOPLIST_KEY_UISupportedInterfaceOrientations_iPad = "UIInterfaceOrientationPortrait UIInterfaceOrientationPortraitUpsideDown UIInterfaceOrientationLandscapeLeft UIInterfaceOrientationLandscapeRight";
				INFOPLIST_KEY_UISupportedInterfaceOrientations_iPhone = "UIInterfaceOrientationPortrait UIInterfaceOrientationLandscapeLeft UIInterfaceOrientationLandscapeRight";
				LD_RUNPATH_SEARCH_PATHS = (
					"$(inherited)",
					"@executable_path/Frameworks",
				);
				MARKETING_VERSION = 1.0;
				PRODUCT_BUNDLE_IDENTIFIER = Gulnazka.Task1Mentorship;
				PRODUCT_NAME = "$(TARGET_NAME)";
				SWIFT_EMIT_LOC_STRINGS = YES;
				SWIFT_VERSION = 5.0;
				TARGETED_DEVICE_FAMILY = "1,2";
			};
			name = Release;
		};
/* End XCBuildConfiguration section */

/* Begin XCConfigurationList section */
		83F942B72EB2A52C004BE1CD /* Build configuration list for PBXProject "Task1Mentorship" */ = {
			isa = XCConfigurationList;
			buildConfigurations = (
				83F942CE2EB2A52E004BE1CD /* Debug */,
				83F942CF2EB2A52E004BE1CD /* Release */,
			);
			defaultConfigurationIsVisible = 0;
			defaultConfigurationName = Release;
		};
		83F942D02EB2A52E004BE1CD /* Build configuration list for PBXNativeTarget "Task1Mentorship" */ = {
			isa = XCConfigurationList;
			buildConfigurations = (
				83F942D12EB2A52E004BE1CD /* Debug */,
				83F942D22EB2A52E004BE1CD /* Release */,
			);
			defaultConfigurationIsVisible = 0;
			defaultConfigurationName = Release;
		};
/* End XCConfigurationList section */
	};
	rootObject = 83F942B42EB2A52C004BE1CD /* Project object */;
}
